
Microsoft Visual Studio Solution File, Format Version 12.00
# Visual Studio Version 17
VisualStudioVersion = 17.2.32602.215
MinimumVisualStudioVersion = 10.0.40219.1
Project("{9A19103F-16F7-4668-BE54-9A1E7A4F7556}") = "EchoOnlineShop", "EchoOnlineShop\EchoOnlineShop.csproj", "{D8B9F063-ED7A-4258-9BD7-578038C9BE91}"
EndProject
Global
	GlobalSection(SolutionConfigurationPlatforms) = preSolution
		Debug|Any CPU = Debug|Any CPU
		Release|Any CPU = Release|Any CPU
	EndGlobalSection
	GlobalSection(ProjectConfigurationPlatforms) = postSolution
		{D8B9F063-ED7A-4258-9BD7-578038C9BE91}.Debug|Any CPU.ActiveCfg = Debug|Any CPU
		{D8B9F063-ED7A-4258-9BD7-578038C9BE91}.Debug|Any CPU.Build.0 = Debug|Any CPU
		{D8B9F063-ED7A-4258-9BD7-578038C9BE91}.Release|Any CPU.ActiveCfg = Release|Any CPU
		{D8B9F063-ED7A-4258-9BD7-578038C9BE91}.Release|Any CPU.Build.0 = Release|Any CPU
	EndGlobalSection
	GlobalSection(SolutionProperties) = preSolution
		HideSolutionNode = FALSE
	EndGlobalSection
	GlobalSection(ExtensibilityGlobals) = postSolution
		SolutionGuid = {BB3F58C9-C792-4BFC-95DF-E6D68E79A7A5}
	EndGlobalSection
EndGlobal
